github.com/gravitton/assert v1.0.0 h1:VhxPuIN6KNpDXIdMtoKa0tGB/bkxZ0h1mm6jTzBkhnc=
github.com/gravitton/assert v1.0.0/go.mod h1:wQGHJvwsxQQ7qdX++NLofrI2cJvYIdJJtAo7A15qcAY=
github.com/gravitton/x v0.2.0 h1:NZ1uyyHz/uyj2kO0JASCUfMsuIFZdAfiACV9DPJaUqE=
github.com/gravitton/x v0.2.0/go.mod h1:ycNMdiA3TtMQmAZDgZ0pNeOl84eEKQ/coKyAdjCG8kQ=
